
Microsoft Visual Studio Solution File, Format Version 12.00
# Visual Studio Version 17
VisualStudioVersion = 17.2.32519.379
MinimumVisualStudioVersion = 10.0.40219.1
Project("{FAE04EC0-301F-11D3-BF4B-00C04F79EFBC}") = "TestTask", "TestTask\TestTask.csproj", "{3791BB37-FCBE-47A6-8503-C9C797474913}"
EndProject
Project("{FAE04EC0-301F-11D3-BF4B-00C04F79EFBC}") = "TestTask.Tests", "TestTask.Tests\TestTask.Tests.csproj", "{ABE8CE78-3131-43E3-BB1E-EFB5D3E2C846}"
EndProject
Global
	GlobalSection(SolutionConfigurationPlatforms) = preSolution
		Debug|Any CPU = Debug|Any CPU
		Release|Any CPU = Release|Any CPU
	EndGlobalSection
	GlobalSection(ProjectConfigurationPlatforms) = postSolution
		{3791BB37-FCBE-47A6-8503-C9C797474913}.Debug|Any CPU.ActiveCfg = Debug|Any CPU
		{3791BB37-FCBE-47A6-8503-C9C797474913}.Debug|Any CPU.Build.0 = Debug|Any CPU
		{3791BB37-FCBE-47A6-8503-C9C797474913}.Release|Any CPU.ActiveCfg = Release|Any CPU
		{3791BB37-FCBE-47A6-8503-C9C797474913}.Release|Any CPU.Build.0 = Release|Any CPU
		{ABE8CE78-3131-43E3-BB1E-EFB5D3E2C846}.Debug|Any CPU.ActiveCfg = Debug|Any CPU
		{ABE8CE78-3131-43E3-BB1E-EFB5D3E2C846}.Debug|Any CPU.Build.0 = Debug|Any CPU
		{ABE8CE78-3131-43E3-BB1E-EFB5D3E2C846}.Release|Any CPU.ActiveCfg = Release|Any CPU
		{ABE8CE78-3131-43E3-BB1E-EFB5D3E2C846}.Release|Any CPU.Build.0 = Release|Any CPU
	EndGlobalSection
	GlobalSection(SolutionProperties) = preSolution
		HideSolutionNode = FALSE
	EndGlobalSection
	GlobalSection(ExtensibilityGlobals) = postSolution
		SolutionGuid = {55822374-A82D-4A6A-BAD1-6338B409C017}
	EndGlobalSection
EndGlobal
